
Microsoft Visual Studio Solution File, Format Version 12.00
# Visual Studio Version 17
VisualStudioVersion = 17.14.36310.24
MinimumVisualStudioVersion = 10.0.40219.1
Project("{FAE04EC0-301F-11D3-BF4B-00C04F79EFBC}") = "Calculator", "Calculator\Calculator.csproj", "{CE90EE6B-608C-4E18-BCBB-5F161419409A}"
EndProject
Project("{FAE04EC0-301F-11D3-BF4B-00C04F79EFBC}") = "GPACalculator", "GPACalculator\GPACalculator.csproj", "{075FA8A8-9BC4-460C-9FF9-F729CBBE335B}"
EndProject
Project("{FAE04EC0-301F-11D3-BF4B-00C04F79EFBC}") = "BudgetTrackingProgram", "BudgetTrackingProgram\BudgetTrackingProgram.csproj", "{BC7D0941-190C-4AC2-9A72-9684D53D4F9E}"
EndProject
Project("{FAE04EC0-301F-11D3-BF4B-00C04F79EFBC}") = "BMITracker", "BMITracker\BMITracker.csproj", "{94899FBC-9A97-4110-B69C-259A1B080A1C}"
EndProject
Global
	GlobalSection(SolutionConfigurationPlatforms) = preSolution
		Debug|Any CPU = Debug|Any CPU
		Release|Any CPU = Release|Any CPU
	EndGlobalSection
	GlobalSection(ProjectConfigurationPlatforms) = postSolution
		{CE90EE6B-608C-4E18-BCBB-5F161419409A}.Debug|Any CPU.ActiveCfg = Debug|Any CPU
		{CE90EE6B-608C-4E18-BCBB-5F161419409A}.Debug|Any CPU.Build.0 = Debug|Any CPU
		{CE90EE6B-608C-4E18-BCBB-5F161419409A}.Release|Any CPU.ActiveCfg = Release|Any CPU
		{CE90EE6B-608C-4E18-BCBB-5F161419409A}.Release|Any CPU.Build.0 = Release|Any CPU
		{075FA8A8-9BC4-460C-9FF9-F729CBBE335B}.Debug|Any CPU.ActiveCfg = Debug|Any CPU
		{075FA8A8-9BC4-460C-9FF9-F729CBBE335B}.Debug|Any CPU.Build.0 = Debug|Any CPU
		{075FA8A8-9BC4-460C-9FF9-F729CBBE335B}.Release|Any CPU.ActiveCfg = Release|Any CPU
		{075FA8A8-9BC4-460C-9FF9-F729CBBE335B}.Release|Any CPU.Build.0 = Release|Any CPU
		{BC7D0941-190C-4AC2-9A72-9684D53D4F9E}.Debug|Any CPU.ActiveCfg = Debug|Any CPU
		{BC7D0941-190C-4AC2-9A72-9684D53D4F9E}.Debug|Any CPU.Build.0 = Debug|Any CPU
		{BC7D0941-190C-4AC2-9A72-9684D53D4F9E}.Release|Any CPU.ActiveCfg = Release|Any CPU
		{BC7D0941-190C-4AC2-9A72-9684D53D4F9E}.Release|Any CPU.Build.0 = Release|Any CPU
		{94899FBC-9A97-4110-B69C-259A1B080A1C}.Debug|Any CPU.ActiveCfg = Debug|Any CPU
		{94899FBC-9A97-4110-B69C-259A1B080A1C}.Debug|Any CPU.Build.0 = Debug|Any CPU
		{94899FBC-9A97-4110-B69C-259A1B080A1C}.Release|Any CPU.ActiveCfg = Release|Any CPU
		{94899FBC-9A97-4110-B69C-259A1B080A1C}.Release|Any CPU.Build.0 = Release|Any CPU
	EndGlobalSection
	GlobalSection(SolutionProperties) = preSolution
		HideSolutionNode = FALSE
	EndGlobalSection
	GlobalSection(ExtensibilityGlobals) = postSolution
		SolutionGuid = {B7FDF4BC-7905-498B-AE8D-F306C09385E8}
	EndGlobalSection
EndGlobal
